
Microsoft Visual Studio Solution File, Format Version 12.00
# Visual Studio Version 17
VisualStudioVersion = 17.3.32929.385
MinimumVisualStudioVersion = 10.0.40219.1
Project("{8BC9CEB8-8B4A-11D0-8D11-00A0C91BC942}") = "govnokod", "govnokod\govnokod.vcxproj", "{6BC335C2-D267-4934-BB6A-6D0C25C7185E}"
EndProject
Global
	GlobalSection(SolutionConfigurationPlatforms) = preSolution
		Debug|x64 = Debug|x64
		Debug|x86 = Debug|x86
		Release|x64 = Release|x64
		Release|x86 = Release|x86
	EndGlobalSection
	GlobalSection(ProjectConfigurationPlatforms) = postSolution
		{6BC335C2-D267-4934-BB6A-6D0C25C7185E}.Debug|x64.ActiveCfg = Debug|x64
		{6BC335C2-D267-4934-BB6A-6D0C25C7185E}.Debug|x64.Build.0 = Debug|x64
		{6BC335C2-D267-4934-BB6A-6D0C25C7185E}.Debug|x86.ActiveCfg = Debug|Win32
		{6BC335C2-D267-4934-BB6A-6D0C25C7185E}.Debug|x86.Build.0 = Debug|Win32
		{6BC335C2-D267-4934-BB6A-6D0C25C7185E}.Release|x64.ActiveCfg = Release|x64
		{6BC335C2-D267-4934-BB6A-6D0C25C7185E}.Release|x64.Build.0 = Release|x64
		{6BC335C2-D267-4934-BB6A-6D0C25C7185E}.Release|x86.ActiveCfg = Release|Win32
		{6BC335C2-D267-4934-BB6A-6D0C25C7185E}.Release|x86.Build.0 = Release|Win32
	EndGlobalSection
	GlobalSection(SolutionProperties) = preSolution
		HideSolutionNode = FALSE
	EndGlobalSection
	GlobalSection(ExtensibilityGlobals) = postSolution
		SolutionGuid = {2D5BEA60-E6F0-439D-A336-4797FF45EF71}
	EndGlobalSection
EndGlobal
